
Microsoft Visual Studio Solution File, Format Version 12.00
# Visual Studio 2015
Project("{FAE04EC0-301F-11D3-BF4B-00C04F79EFBC}") = "Unity_Client-Build", "Unity_Client-Build.csproj", "{45861E77-AA36-79FB-03E8-5E14D393FD15}"
EndProject
Project("{FAE04EC0-301F-11D3-BF4B-00C04F79EFBC}") = "Unity_Client-Build.Editor", "Unity_Client-Build.Editor.csproj", "{F6774910-26E9-1142-FF57-31A0296588D5}"
EndProject
Global
	GlobalSection(SolutionConfigurationPlatforms) = preSolution
		Debug|Any CPU = Debug|Any CPU
		Release|Any CPU = Release|Any CPU
	EndGlobalSection
	GlobalSection(ProjectConfigurationPlatforms) = postSolution
		{45861E77-AA36-79FB-03E8-5E14D393FD15}.Debug|Any CPU.ActiveCfg = Debug|Any CPU
		{45861E77-AA36-79FB-03E8-5E14D393FD15}.Debug|Any CPU.Build.0 = Debug|Any CPU
		{45861E77-AA36-79FB-03E8-5E14D393FD15}.Release|Any CPU.ActiveCfg = Release|Any CPU
		{45861E77-AA36-79FB-03E8-5E14D393FD15}.Release|Any CPU.Build.0 = Release|Any CPU
		{F6774910-26E9-1142-FF57-31A0296588D5}.Debug|Any CPU.ActiveCfg = Debug|Any CPU
		{F6774910-26E9-1142-FF57-31A0296588D5}.Debug|Any CPU.Build.0 = Debug|Any CPU
		{F6774910-26E9-1142-FF57-31A0296588D5}.Release|Any CPU.ActiveCfg = Release|Any CPU
		{F6774910-26E9-1142-FF57-31A0296588D5}.Release|Any CPU.Build.0 = Release|Any CPU
	EndGlobalSection
	GlobalSection(SolutionProperties) = preSolution
		HideSolutionNode = FALSE
	EndGlobalSection
EndGlobal
